// !$*UTF8*$!
{
	archiveVersion = 1;
	classes = {
	};
	objectVersion = 56;
	objects = {

/* Begin PBXBuildFile section */
		A1D311922C278C6200D8F7C9 /* MultilingualTestSampleApp.swift in Sources */ = {isa = PBXBuildFile; fileRef = A1D311912C278C6200D8F7C9 /* MultilingualTestSampleApp.swift */; };
		A1D311942C278C6200D8F7C9 /* ContentView.swift in Sources */ = {isa = PBXBuildFile; fileRef = A1D311932C278C6200D8F7C9 /* ContentView.swift */; };
		A1D311962C278C6500D8F7C9 /* Assets.xcassets in Resources */ = {isa = PBXBuildFile; fileRef = A1D311952C278C6500D8F7C9 /* Assets.xcassets */; };
		A1D311992C278C6500D8F7C9 /* Preview Assets.xcassets in Resources */ = {isa = PBXBuildFile; fileRef = A1D311982C278C6500D8F7C9 /* Preview Assets.xcassets */; };
		A1D311A32C278C6500D8F7C9 /* LocalizedStringsTests.swift in Sources */ = {isa = PBXBuildFile; fileRef = A1D311A22C278C6500D8F7C9 /* LocalizedStringsTests.swift */; };
		A1D311AD2C278C6500D8F7C9 /* LocalizedStringsUITests.swift in Sources */ = {isa = PBXBuildFile; fileRef = A1D311AC2C278C6500D8F7C9 /* LocalizedStringsUITests.swift */; };
		A1D311BD2C28721000D8F7C9 /* Localizable.xcstrings in Resources */ = {isa = PBXBuildFile; fileRef = A1D311BC2C28721000D8F7C9 /* Localizable.xcstrings */; };
		A1D311BF2C28738C00D8F7C9 /* MyStrings.swift in Sources */ = {isa = PBXBuildFile; fileRef = A1D311BE2C28738C00D8F7C9 /* MyStrings.swift */; };
		A1D311C12C28786400D8F7C9 /* Bundle+.swift in Sources */ = {isa = PBXBuildFile; fileRef = A1D311C02C28786400D8F7C9 /* Bundle+.swift */; };
		A1D311C22C2878AC00D8F7C9 /* Bundle+.swift in Sources */ = {isa = PBXBuildFile; fileRef = A1D311C02C28786400D8F7C9 /* Bundle+.swift */; };
/* End PBXBuildFile section */

/* Begin PBXContainerItemProxy section */
		A1D3119F2C278C6500D8F7C9 /* PBXContainerItemProxy */ = {
			isa = PBXContainerItemProxy;
			containerPortal = A1D311862C278C6200D8F7C9 /* Project object */;
			proxyType = 1;
			remoteGlobalIDString = A1D3118D2C278C6200D8F7C9;
			remoteInfo = MultilingualTestSample;
		};
		A1D311A92C278C6500D8F7C9 /* PBXContainerItemProxy */ = {
			isa = PBXContainerItemProxy;
			containerPortal = A1D311862C278C6200D8F7C9 /* Project object */;
			proxyType = 1;
			remoteGlobalIDString = A1D3118D2C278C6200D8F7C9;
			remoteInfo = MultilingualTestSample;
		};
/* End PBXContainerItemProxy section */

/* Begin PBXFileReference section */
		A1D3118E2C278C6200D8F7C9 /* MultilingualTestSample.app */ = {isa = PBXFileReference; explicitFileType = wrapper.application; includeInIndex = 0; path = MultilingualTestSample.app; sourceTree = BUILT_PRODUCTS_DIR; };
		A1D311912C278C6200D8F7C9 /* MultilingualTestSampleApp.swift */ = {isa = PBXFileReference; lastKnownFileType = sourcecode.swift; path = MultilingualTestSampleApp.swift; sourceTree = "<group>"; };
		A1D311932C278C6200D8F7C9 /* ContentView.swift */ = {isa = PBXFileReference; lastKnownFileType = sourcecode.swift; path = ContentView.swift; sourceTree = "<group>"; };
		A1D311952C278C6500D8F7C9 /* Assets.xcassets */ = {isa = PBXFileReference; lastKnownFileType = folder.assetcatalog; path = Assets.xcassets; sourceTree = "<group>"; };
		A1D311982C278C6500D8F7C9 /* Preview Assets.xcassets */ = {isa = PBXFileReference; lastKnownFileType = folder.assetcatalog; path = "Preview Assets.xcassets"; sourceTree = "<group>"; };
		A1D3119E2C278C6500D8F7C9 /* MultilingualTestSampleTests.xctest */ = {isa = PBXFileReference; explicitFileType = wrapper.cfbundle; includeInIndex = 0; path = MultilingualTestSampleTests.xctest; sourceTree = BUILT_PRODUCTS_DIR; };
		A1D311A22C278C6500D8F7C9 /* LocalizedStringsTests.swift */ = {isa = PBXFileReference; lastKnownFileType = sourcecode.swift; path = LocalizedStringsTests.swift; sourceTree = "<group>"; };
		A1D311A82C278C6500D8F7C9 /* MultilingualTestSampleUITests.xctest */ = {isa = PBXFileReference; explicitFileType = wrapper.cfbundle; includeInIndex = 0; path = MultilingualTestSampleUITests.xctest; sourceTree = BUILT_PRODUCTS_DIR; };
		A1D311AC2C278C6500D8F7C9 /* LocalizedStringsUITests.swift */ = {isa = PBXFileReference; lastKnownFileType = sourcecode.swift; path = LocalizedStringsUITests.swift; sourceTree = "<group>"; };
		A1D311BC2C28721000D8F7C9 /* Localizable.xcstrings */ = {isa = PBXFileReference; lastKnownFileType = text.json.xcstrings; path = Localizable.xcstrings; sourceTree = "<group>"; };
		A1D311BE2C28738C00D8F7C9 /* MyStrings.swift */ = {isa = PBXFileReference; lastKnownFileType = sourcecode.swift; path = MyStrings.swift; sourceTree = "<group>"; };
		A1D311C02C28786400D8F7C9 /* Bundle+.swift */ = {isa = PBXFileReference; lastKnownFileType = sourcecode.swift; path = "Bundle+.swift"; sourceTree = "<group>"; };
/* End PBXFileReference section */

/* Begin PBXFrameworksBuildPhase section */
		A1D3118B2C278C6200D8F7C9 /* Frameworks */ = {
			isa = PBXFrameworksBuildPhase;
			buildActionMask = 2147483647;
			files = (
			);
			runOnlyForDeploymentPostprocessing = 0;
		};
		A1D3119B2C278C6500D8F7C9 /* Frameworks */ = {
			isa = PBXFrameworksBuildPhase;
			buildActionMask = 2147483647;
			files = (
			);
			runOnlyForDeploymentPostprocessing = 0;
		};
		A1D311A52C278C6500D8F7C9 /* Frameworks */ = {
			isa = PBXFrameworksBuildPhase;
			buildActionMask = 2147483647;
			files = (
			);
			runOnlyForDeploymentPostprocessing = 0;
		};
/* End PBXFrameworksBuildPhase section */

/* Begin PBXGroup section */
		A1D311852C278C6200D8F7C9 = {
			isa = PBXGroup;
			children = (
				A1D311902C278C6200D8F7C9 /* MultilingualTestSample */,
				A1D311A12C278C6500D8F7C9 /* MultilingualTestSampleTests */,
				A1D311AB2C278C6500D8F7C9 /* MultilingualTestSampleUITests */,
				A1D3118F2C278C6200D8F7C9 /* Products */,
			);
			sourceTree = "<group>";
		};
		A1D3118F2C278C6200D8F7C9 /* Products */ = {
			isa = PBXGroup;
			children = (
				A1D3118E2C278C6200D8F7C9 /* MultilingualTestSample.app */,
				A1D3119E2C278C6500D8F7C9 /* MultilingualTestSampleTests.xctest */,
				A1D311A82C278C6500D8F7C9 /* MultilingualTestSampleUITests.xctest */,
			);
			name = Products;
			sourceTree = "<group>";
		};
		A1D311902C278C6200D8F7C9 /* MultilingualTestSample */ = {
			isa = PBXGroup;
			children = (
				A1D311912C278C6200D8F7C9 /* MultilingualTestSampleApp.swift */,
				A1D311932C278C6200D8F7C9 /* ContentView.swift */,
				A1D311BE2C28738C00D8F7C9 /* MyStrings.swift */,
				A1D311BB2C2871A800D8F7C9 /* Resources */,
				A1D311972C278C6500D8F7C9 /* Preview Content */,
			);
			path = MultilingualTestSample;
			sourceTree = "<group>";
		};
		A1D311972C278C6500D8F7C9 /* Preview Content */ = {
			isa = PBXGroup;
			children = (
				A1D311982C278C6500D8F7C9 /* Preview Assets.xcassets */,
			);
			path = "Preview Content";
			sourceTree = "<group>";
		};
		A1D311A12C278C6500D8F7C9 /* MultilingualTestSampleTests */ = {
			isa = PBXGroup;
			children = (
				A1D311C02C28786400D8F7C9 /* Bundle+.swift */,
				A1D311A22C278C6500D8F7C9 /* LocalizedStringsTests.swift */,
			);
			path = MultilingualTestSampleTests;
			sourceTree = "<group>";
		};
		A1D311AB2C278C6500D8F7C9 /* MultilingualTestSampleUITests */ = {
			isa = PBXGroup;
			children = (
				A1D311AC2C278C6500D8F7C9 /* LocalizedStringsUITests.swift */,
			);
			path = MultilingualTestSampleUITests;
			sourceTree = "<group>";
		};
		A1D311BB2C2871A800D8F7C9 /* Resources */ = {
			isa = PBXGroup;
			children = (
				A1D311952C278C6500D8F7C9 /* Assets.xcassets */,
				A1D311BC2C28721000D8F7C9 /* Localizable.xcstrings */,
			);
			path = Resources;
			sourceTree = "<group>";
		};
/* End PBXGroup section */

/* Begin PBXNativeTarget section */
		A1D3118D2C278C6200D8F7C9 /* MultilingualTestSample */ = {
			isa = PBXNativeTarget;
			buildConfigurationList = A1D311B22C278C6500D8F7C9 /* Build configuration list for PBXNativeTarget "MultilingualTestSample" */;
			buildPhases = (
				A1D3118A2C278C6200D8F7C9 /* Sources */,
				A1D3118B2C278C6200D8F7C9 /* Frameworks */,
				A1D3118C2C278C6200D8F7C9 /* Resources */,
			);
			buildRules = (
			);
			dependencies = (
			);
			name = MultilingualTestSample;
			productName = MultilingualTestSample;
			productReference = A1D3118E2C278C6200D8F7C9 /* MultilingualTestSample.app */;
			productType = "com.apple.product-type.application";
		};
		A1D3119D2C278C6500D8F7C9 /* MultilingualTestSampleTests */ = {
			isa = PBXNativeTarget;
			buildConfigurationList = A1D311B52C278C6500D8F7C9 /* Build configuration list for PBXNativeTarget "MultilingualTestSampleTests" */;
			buildPhases = (
				A1D3119A2C278C6500D8F7C9 /* Sources */,
				A1D3119B2C278C6500D8F7C9 /* Frameworks */,
				A1D3119C2C278C6500D8F7C9 /* Resources */,
			);
			buildRules = (
			);
			dependencies = (
				A1D311A02C278C6500D8F7C9 /* PBXTargetDependency */,
			);
			name = MultilingualTestSampleTests;
			productName = MultilingualTestSampleTests;
			productReference = A1D3119E2C278C6500D8F7C9 /* MultilingualTestSampleTests.xctest */;
			productType = "com.apple.product-type.bundle.unit-test";
		};
		A1D311A72C278C6500D8F7C9 /* MultilingualTestSampleUITests */ = {
			isa = PBXNativeTarget;
			buildConfigurationList = A1D311B82C278C6500D8F7C9 /* Build configuration list for PBXNativeTarget "MultilingualTestSampleUITests" */;
			buildPhases = (
				A1D311A42C278C6500D8F7C9 /* Sources */,
				A1D311A52C278C6500D8F7C9 /* Frameworks */,
				A1D311A62C278C6500D8F7C9 /* Resources */,
			);
			buildRules = (
			);
			dependencies = (
				A1D311AA2C278C6500D8F7C9 /* PBXTargetDependency */,
			);
			name = MultilingualTestSampleUITests;
			productName = MultilingualTestSampleUITests;
			productReference = A1D311A82C278C6500D8F7C9 /* MultilingualTestSampleUITests.xctest */;
			productType = "com.apple.product-type.bundle.ui-testing";
		};
/* End PBXNativeTarget section */

/* Begin PBXProject section */
		A1D311862C278C6200D8F7C9 /* Project object */ = {
			isa = PBXProject;
			attributes = {
				BuildIndependentTargetsInParallel = 1;
				LastSwiftUpdateCheck = 1520;
				LastUpgradeCheck = 1520;
				TargetAttributes = {
					A1D3118D2C278C6200D8F7C9 = {
						CreatedOnToolsVersion = 15.2;
					};
					A1D3119D2C278C6500D8F7C9 = {
						CreatedOnToolsVersion = 15.2;
						TestTargetID = A1D3118D2C278C6200D8F7C9;
					};
					A1D311A72C278C6500D8F7C9 = {
						CreatedOnToolsVersion = 15.2;
						TestTargetID = A1D3118D2C278C6200D8F7C9;
					};
				};
			};
			buildConfigurationList = A1D311892C278C6200D8F7C9 /* Build configuration list for PBXProject "MultilingualTestSample" */;
			compatibilityVersion = "Xcode 14.0";
			developmentRegion = en;
			hasScannedForEncodings = 0;
			knownRegions = (
				en,
				Base,
				ja,
			);
			mainGroup = A1D311852C278C6200D8F7C9;
			productRefGroup = A1D3118F2C278C6200D8F7C9 /* Products */;
			projectDirPath = "";
			projectRoot = "";
			targets = (
				A1D3118D2C278C6200D8F7C9 /* MultilingualTestSample */,
				A1D3119D2C278C6500D8F7C9 /* MultilingualTestSampleTests */,
				A1D311A72C278C6500D8F7C9 /* MultilingualTestSampleUITests */,
			);
		};
/* End PBXProject section */

/* Begin PBXResourcesBuildPhase section */
		A1D3118C2C278C6200D8F7C9 /* Resources */ = {
			isa = PBXResourcesBuildPhase;
			buildActionMask = 2147483647;
			files = (
				A1D311992C278C6500D8F7C9 /* Preview Assets.xcassets in Resources */,
				A1D311962C278C6500D8F7C9 /* Assets.xcassets in Resources */,
				A1D311BD2C28721000D8F7C9 /* Localizable.xcstrings in Resources */,
			);
			runOnlyForDeploymentPostprocessing = 0;
		};
		A1D3119C2C278C6500D8F7C9 /* Resources */ = {
			isa = PBXResourcesBuildPhase;
			buildActionMask = 2147483647;
			files = (
			);
			runOnlyForDeploymentPostprocessing = 0;
		};
		A1D311A62C278C6500D8F7C9 /* Resources */ = {
			isa = PBXResourcesBuildPhase;
			buildActionMask = 2147483647;
			files = (
			);
			runOnlyForDeploymentPostprocessing = 0;
		};
/* End PBXResourcesBuildPhase section */

/* Begin PBXSourcesBuildPhase section */
		A1D3118A2C278C6200D8F7C9 /* Sources */ = {
			isa = PBXSourcesBuildPhase;
			buildActionMask = 2147483647;
			files = (
				A1D311942C278C6200D8F7C9 /* ContentView.swift in Sources */,
				A1D311BF2C28738C00D8F7C9 /* MyStrings.swift in Sources */,
				A1D311922C278C6200D8F7C9 /* MultilingualTestSampleApp.swift in Sources */,
			);
			runOnlyForDeploymentPostprocessing = 0;
		};
		A1D3119A2C278C6500D8F7C9 /* Sources */ = {
			isa = PBXSourcesBuildPhase;
			buildActionMask = 2147483647;
			files = (
				A1D311C12C28786400D8F7C9 /* Bundle+.swift in Sources */,
				A1D311A32C278C6500D8F7C9 /* LocalizedStringsTests.swift in Sources */,
			);
			runOnlyForDeploymentPostprocessing = 0;
		};
		A1D311A42C278C6500D8F7C9 /* Sources */ = {
			isa = PBXSourcesBuildPhase;
			buildActionMask = 2147483647;
			files = (
				A1D311C22C2878AC00D8F7C9 /* Bundle+.swift in Sources */,
				A1D311AD2C278C6500D8F7C9 /* LocalizedStringsUITests.swift in Sources */,
			);
			runOnlyForDeploymentPostprocessing = 0;
		};
/* End PBXSourcesBuildPhase section */

/* Begin PBXTargetDependency section */
		A1D311A02C278C6500D8F7C9 /* PBXTargetDependency */ = {
			isa = PBXTargetDependency;
			target = A1D3118D2C278C6200D8F7C9 /* MultilingualTestSample */;
			targetProxy = A1D3119F2C278C6500D8F7C9 /* PBXContainerItemProxy */;
		};
		A1D311AA2C278C6500D8F7C9 /* PBXTargetDependency */ = {
			isa = PBXTargetDependency;
			target = A1D3118D2C278C6200D8F7C9 /* MultilingualTestSample */;
			targetProxy = A1D311A92C278C6500D8F7C9 /* PBXContainerItemProxy */;
		};
/* End PBXTargetDependency section */

/* Begin XCBuildConfiguration section */
		A1D311B02C278C6500D8F7C9 /* Debug */ = {
			isa = XCBuildConfiguration;
			buildSettings = {
				ALWAYS_SEARCH_USER_PATHS = NO;
				ASSETCATALOG_COMPILER_GENERATE_SWIFT_ASSET_SYMBOL_EXTENSIONS = YES;
				CLANG_ANALYZER_NONNULL = YES;
				CLANG_ANALYZER_NUMBER_OBJECT_CONVERSION = YES_AGGRESSIVE;
				CLANG_CXX_LANGUAGE_STANDARD = "gnu++20";
				CLANG_ENABLE_MODULES = YES;
				CLANG_ENABLE_OBJC_ARC = YES;
				CLANG_ENABLE_OBJC_WEAK = YES;
				CLANG_WARN_BLOCK_CAPTURE_AUTORELEASING = YES;
				CLANG_WARN_BOOL_CONVERSION = YES;
				CLANG_WARN_COMMA = YES;
				CLANG_WARN_CONSTANT_CONVERSION = YES;
				CLANG_WARN_DEPRECATED_OBJC_IMPLEMENTATIONS = YES;
				CLANG_WARN_DIRECT_OBJC_ISA_USAGE = YES_ERROR;
				CLANG_WARN_DOCUMENTATION_COMMENTS = YES;
				CLANG_WARN_EMPTY_BODY = YES;
				CLANG_WARN_ENUM_CONVERSION = YES;
				CLANG_WARN_INFINITE_RECURSION = YES;
				CLANG_WARN_INT_CONVERSION = YES;
				CLANG_WARN_NON_LITERAL_NULL_CONVERSION = YES;
				CLANG_WARN_OBJC_IMPLICIT_RETAIN_SELF = YES;
				CLANG_WARN_OBJC_LITERAL_CONVERSION = YES;
				CLANG_WARN_OBJC_ROOT_CLASS = YES_ERROR;
				CLANG_WARN_QUOTED_INCLUDE_IN_FRAMEWORK_HEADER = YES;
				CLANG_WARN_RANGE_LOOP_ANALYSIS = YES;
				CLANG_WARN_STRICT_PROTOTYPES = YES;
				CLANG_WARN_SUSPICIOUS_MOVE = YES;
				CLANG_WARN_UNGUARDED_AVAILABILITY = YES_AGGRESSIVE;
				CLANG_WARN_UNREACHABLE_CODE = YES;
				CLANG_WARN__DUPLICATE_METHOD_MATCH = YES;
				COPY_PHASE_STRIP = NO;
				DEBUG_INFORMATION_FORMAT = dwarf;
				ENABLE_STRICT_OBJC_MSGSEND = YES;
				ENABLE_TESTABILITY = YES;
				ENABLE_USER_SCRIPT_SANDBOXING = YES;
				GCC_C_LANGUAGE_STANDARD = gnu17;
				GCC_DYNAMIC_NO_PIC = NO;
				GCC_NO_COMMON_BLOCKS = YES;
				GCC_OPTIMIZATION_LEVEL = 0;
				GCC_PREPROCESSOR_DEFINITIONS = (
					"DEBUG=1",
					"$(inherited)",
				);
				GCC_WARN_64_TO_32_BIT_CONVERSION = YES;
				GCC_WARN_ABOUT_RETURN_TYPE = YES_ERROR;
				GCC_WARN_UNDECLARED_SELECTOR = YES;
				GCC_WARN_UNINITIALIZED_AUTOS = YES_AGGRESSIVE;
				GCC_WARN_UNUSED_FUNCTION = YES;
				GCC_WARN_UNUSED_VARIABLE = YES;
				IPHONEOS_DEPLOYMENT_TARGET = 17.2;
				LOCALIZATION_PREFERS_STRING_CATALOGS = YES;
				MTL_ENABLE_DEBUG_INFO = INCLUDE_SOURCE;
				MTL_FAST_MATH = YES;
				ONLY_ACTIVE_ARCH = YES;
				SDKROOT = iphoneos;
				SWIFT_ACTIVE_COMPILATION_CONDITIONS = "DEBUG $(inherited)";
				SWIFT_OPTIMIZATION_LEVEL = "-Onone";
			};
			name = Debug;
		};
		A1D311B12C278C6500D8F7C9 /* Release */ = {
			isa = XCBuildConfiguration;
			buildSettings = {
				ALWAYS_SEARCH_USER_PATHS = NO;
				ASSETCATALOG_COMPILER_GENERATE_SWIFT_ASSET_SYMBOL_EXTENSIONS = YES;
				CLANG_ANALYZER_NONNULL = YES;
				CLANG_ANALYZER_NUMBER_OBJECT_CONVERSION = YES_AGGRESSIVE;
				CLANG_CXX_LANGUAGE_STANDARD = "gnu++20";
				CLANG_ENABLE_MODULES = YES;
				CLANG_ENABLE_OBJC_ARC = YES;
				CLANG_ENABLE_OBJC_WEAK = YES;
				CLANG_WARN_BLOCK_CAPTURE_AUTORELEASING = YES;
				CLANG_WARN_BOOL_CONVERSION = YES;
				CLANG_WARN_COMMA = YES;
				CLANG_WARN_CONSTANT_CONVERSION = YES;
				CLANG_WARN_DEPRECATED_OBJC_IMPLEMENTATIONS = YES;
				CLANG_WARN_DIRECT_OBJC_ISA_USAGE = YES_ERROR;
				CLANG_WARN_DOCUMENTATION_COMMENTS = YES;
				CLANG_WARN_EMPTY_BODY = YES;
				CLANG_WARN_ENUM_CONVERSION = YES;
				CLANG_WARN_INFINITE_RECURSION = YES;
				CLANG_WARN_INT_CONVERSION = YES;
				CLANG_WARN_NON_LITERAL_NULL_CONVERSION = YES;
				CLANG_WARN_OBJC_IMPLICIT_RETAIN_SELF = YES;
				CLANG_WARN_OBJC_LITERAL_CONVERSION = YES;
				CLANG_WARN_OBJC_ROOT_CLASS = YES_ERROR;
				CLANG_WARN_QUOTED_INCLUDE_IN_FRAMEWORK_HEADER = YES;
				CLANG_WARN_RANGE_LOOP_ANALYSIS = YES;
				CLANG_WARN_STRICT_PROTOTYPES = YES;
				CLANG_WARN_SUSPICIOUS_MOVE = YES;
				CLANG_WARN_UNGUARDED_AVAILABILITY = YES_AGGRESSIVE;
				CLANG_WARN_UNREACHABLE_CODE = YES;
				CLANG_WARN__DUPLICATE_METHOD_MATCH = YES;
				COPY_PHASE_STRIP = NO;
				DEBUG_INFORMATION_FORMAT = "dwarf-with-dsym";
				ENABLE_NS_ASSERTIONS = NO;
				ENABLE_STRICT_OBJC_MSGSEND = YES;
				ENABLE_USER_SCRIPT_SANDBOXING = YES;
				GCC_C_LANGUAGE_STANDARD = gnu17;
				GCC_NO_COMMON_BLOCKS = YES;
				GCC_WARN_64_TO_32_BIT_CONVERSION = YES;
				GCC_WARN_ABOUT_RETURN_TYPE = YES_ERROR;
				GCC_WARN_UNDECLARED_SELECTOR = YES;
				GCC_WARN_UNINITIALIZED_AUTOS = YES_AGGRESSIVE;
				GCC_WARN_UNUSED_FUNCTION = YES;
				GCC_WARN_UNUSED_VARIABLE = YES;
				IPHONEOS_DEPLOYMENT_TARGET = 17.2;
				LOCALIZATION_PREFERS_STRING_CATALOGS = YES;
				MTL_ENABLE_DEBUG_INFO = NO;
				MTL_FAST_MATH = YES;
				SDKROOT = iphoneos;
				SWIFT_COMPILATION_MODE = wholemodule;
				VALIDATE_PRODUCT = YES;
			};
			name = Release;
		};
		A1D311B32C278C6500D8F7C9 /* Debug */ = {
			isa = XCBuildConfiguration;
			buildSettings = {
				ASSETCATALOG_COMPILER_APPICON_NAME = AppIcon;
				ASSETCATALOG_COMPILER_GLOBAL_ACCENT_COLOR_NAME = AccentColor;
				CODE_SIGN_STYLE = Automatic;
				CURRENT_PROJECT_VERSION = 1;
				DEVELOPMENT_ASSET_PATHS = "\"MultilingualTestSample/Preview Content\"";
				ENABLE_PREVIEWS = YES;
				GENERATE_INFOPLIST_FILE = YES;
				INFOPLIST_FILE = MultilingualTestSample/Info.plist;
				INFOPLIST_KEY_CFBundleDisplayName = "";
				INFOPLIST_KEY_LSApplicationCategoryType = "";
				INFOPLIST_KEY_UIApplicationSceneManifest_Generation = YES;
				INFOPLIST_KEY_UIApplicationSupportsIndirectInputEvents = YES;
				INFOPLIST_KEY_UILaunchScreen_Generation = YES;
				INFOPLIST_KEY_UISupportedInterfaceOrientations_iPad = "UIInterfaceOrientationPortrait UIInterfaceOrientationPortraitUpsideDown UIInterfaceOrientationLandscapeLeft UIInterfaceOrientationLandscapeRight";
				INFOPLIST_KEY_UISupportedInterfaceOrientations_iPhone = "UIInterfaceOrientationPortrait UIInterfaceOrientationLandscapeLeft UIInterfaceOrientationLandscapeRight";
				LD_RUNPATH_SEARCH_PATHS = (
					"$(inherited)",
					"@executable_path/Frameworks",
				);
				MARKETING_VERSION = 1.0;
				PRODUCT_BUNDLE_IDENTIFIER = yordgenome.com.MultilingualTestSample;
				PRODUCT_NAME = "$(TARGET_NAME)";
				SWIFT_EMIT_LOC_STRINGS = YES;
				SWIFT_VERSION = 5.0;
				TARGETED_DEVICE_FAMILY = "1,2";
			};
			name = Debug;
		};
		A1D311B42C278C6500D8F7C9 /* Release */ = {
			isa = XCBuildConfiguration;
			buildSettings = {
				ASSETCATALOG_COMPILER_APPICON_NAME = AppIcon;
				ASSETCATALOG_COMPILER_GLOBAL_ACCENT_COLOR_NAME = AccentColor;
				CODE_SIGN_STYLE = Automatic;
				CURRENT_PROJECT_VERSION = 1;
				DEVELOPMENT_ASSET_PATHS = "\"MultilingualTestSample/Preview Content\"";
				ENABLE_PREVIEWS = YES;
				GENERATE_INFOPLIST_FILE = YES;
				INFOPLIST_FILE = MultilingualTestSample/Info.plist;
				INFOPLIST_KEY_CFBundleDisplayName = "";
				INFOPLIST_KEY_LSApplicationCategoryType = "";
				INFOPLIST_KEY_UIApplicationSceneManifest_Generation = YES;
				INFOPLIST_KEY_UIApplicationSupportsIndirectInputEvents = YES;
				INFOPLIST_KEY_UILaunchScreen_Generation = YES;
				INFOPLIST_KEY_UISupportedInterfaceOrientations_iPad = "UIInterfaceOrientationPortrait UIInterfaceOrientationPortraitUpsideDown UIInterfaceOrientationLandscapeLeft UIInterfaceOrientationLandscapeRight";
				INFOPLIST_KEY_UISupportedInterfaceOrientations_iPhone = "UIInterfaceOrientationPortrait UIInterfaceOrientationLandscapeLeft UIInterfaceOrientationLandscapeRight";
				LD_RUNPATH_SEARCH_PATHS = (
					"$(inherited)",
					"@executable_path/Frameworks",
				);
				MARKETING_VERSION = 1.0;
				PRODUCT_BUNDLE_IDENTIFIER = yordgenome.com.MultilingualTestSample;
				PRODUCT_NAME = "$(TARGET_NAME)";
				SWIFT_EMIT_LOC_STRINGS = YES;
				SWIFT_VERSION = 5.0;
				TARGETED_DEVICE_FAMILY = "1,2";
			};
			name = Release;
		};
		A1D311B62C278C6500D8F7C9 /* Debug */ = {
			isa = XCBuildConfiguration;
			buildSettings = {
				ALWAYS_EMBED_SWIFT_STANDARD_LIBRARIES = YES;
				BUNDLE_LOADER = "$(TEST_HOST)";
				CODE_SIGN_STYLE = Automatic;
				CURRENT_PROJECT_VERSION = 1;
				GENERATE_INFOPLIST_FILE = YES;
				IPHONEOS_DEPLOYMENT_TARGET = 17.2;
				MARKETING_VERSION = 1.0;
				PRODUCT_BUNDLE_IDENTIFIER = yordgenome.com.MultilingualTestSampleTests;
				PRODUCT_NAME = "$(TARGET_NAME)";
				SWIFT_EMIT_LOC_STRINGS = NO;
				SWIFT_VERSION = 5.0;
				TARGETED_DEVICE_FAMILY = "1,2";
				TEST_HOST = "$(BUILT_PRODUCTS_DIR)/MultilingualTestSample.app/$(BUNDLE_EXECUTABLE_FOLDER_PATH)/MultilingualTestSample";
			};
			name = Debug;
		};
		A1D311B72C278C6500D8F7C9 /* Release */ = {
			isa = XCBuildConfiguration;
			buildSettings = {
				ALWAYS_EMBED_SWIFT_STANDARD_LIBRARIES = YES;
				BUNDLE_LOADER = "$(TEST_HOST)";
				CODE_SIGN_STYLE = Automatic;
				CURRENT_PROJECT_VERSION = 1;
				GENERATE_INFOPLIST_FILE = YES;
				IPHONEOS_DEPLOYMENT_TARGET = 17.2;
				MARKETING_VERSION = 1.0;
				PRODUCT_BUNDLE_IDENTIFIER = yordgenome.com.MultilingualTestSampleTests;
				PRODUCT_NAME = "$(TARGET_NAME)";
				SWIFT_EMIT_LOC_STRINGS = NO;
				SWIFT_VERSION = 5.0;
				TARGETED_DEVICE_FAMILY = "1,2";
				TEST_HOST = "$(BUILT_PRODUCTS_DIR)/MultilingualTestSample.app/$(BUNDLE_EXECUTABLE_FOLDER_PATH)/MultilingualTestSample";
			};
			name = Release;
		};
		A1D311B92C278C6500D8F7C9 /* Debug */ = {
			isa = XCBuildConfiguration;
			buildSettings = {
				ALWAYS_EMBED_SWIFT_STANDARD_LIBRARIES = YES;
				CODE_SIGN_STYLE = Automatic;
				CURRENT_PROJECT_VERSION = 1;
				GENERATE_INFOPLIST_FILE = YES;
				MARKETING_VERSION = 1.0;
				PRODUCT_BUNDLE_IDENTIFIER = yordgenome.com.MultilingualTestSampleUITests;
				PRODUCT_NAME = "$(TARGET_NAME)";
				SWIFT_EMIT_LOC_STRINGS = NO;
				SWIFT_VERSION = 5.0;
				TARGETED_DEVICE_FAMILY = "1,2";
				TEST_TARGET_NAME = MultilingualTestSample;
			};
			name = Debug;
		};
		A1D311BA2C278C6500D8F7C9 /* Release */ = {
			isa = XCBuildConfiguration;
			buildSettings = {
				ALWAYS_EMBED_SWIFT_STANDARD_LIBRARIES = YES;
				CODE_SIGN_STYLE = Automatic;
				CURRENT_PROJECT_VERSION = 1;
				GENERATE_INFOPLIST_FILE = YES;
				MARKETING_VERSION = 1.0;
				PRODUCT_BUNDLE_IDENTIFIER = yordgenome.com.MultilingualTestSampleUITests;
				PRODUCT_NAME = "$(TARGET_NAME)";
				SWIFT_EMIT_LOC_STRINGS = NO;
				SWIFT_VERSION = 5.0;
				TARGETED_DEVICE_FAMILY = "1,2";
				TEST_TARGET_NAME = MultilingualTestSample;
			};
			name = Release;
		};
/* End XCBuildConfiguration section */

/* Begin XCConfigurationList section */
		A1D311892C278C6200D8F7C9 /* Build configuration list for PBXProject "MultilingualTestSample" */ = {
			isa = XCConfigurationList;
			buildConfigurations = (
				A1D311B02C278C6500D8F7C9 /* Debug */,
				A1D311B12C278C6500D8F7C9 /* Release */,
			);
			defaultConfigurationIsVisible = 0;
			defaultConfigurationName = Release;
		};
		A1D311B22C278C6500D8F7C9 /* Build configuration list for PBXNativeTarget "MultilingualTestSample" */ = {
			isa = XCConfigurationList;
			buildConfigurations = (
				A1D311B32C278C6500D8F7C9 /* Debug */,
				A1D311B42C278C6500D8F7C9 /* Release */,
			);
			defaultConfigurationIsVisible = 0;
			defaultConfigurationName = Release;
		};
		A1D311B52C278C6500D8F7C9 /* Build configuration list for PBXNativeTarget "MultilingualTestSampleTests" */ = {
			isa = XCConfigurationList;
			buildConfigurations = (
				A1D311B62C278C6500D8F7C9 /* Debug */,
				A1D311B72C278C6500D8F7C9 /* Release */,
			);
			defaultConfigurationIsVisible = 0;
			defaultConfigurationName = Release;
		};
		A1D311B82C278C6500D8F7C9 /* Build configuration list for PBXNativeTarget "MultilingualTestSampleUITests" */ = {
			isa = XCConfigurationList;
			buildConfigurations = (
				A1D311B92C278C6500D8F7C9 /* Debug */,
				A1D311BA2C278C6500D8F7C9 /* Release */,
			);
			defaultConfigurationIsVisible = 0;
			defaultConfigurationName = Release;
		};
/* End XCConfigurationList section */
	};
	rootObject = A1D311862C278C6200D8F7C9 /* Project object */;
}
